# This file is automatically @generated by Cargo.
# It is not intended for manual editing.
version = 4

[[package]]
name = "arachne"
version = "0.1.0"
dependencies = [
 "arachne-seam",
 "arachne-testsupport",
 "arachne-transport-tonic",
]

[[package]]
name = "arachne-node"
version = "0.1.0"
dependencies = [
 "arachne",
]

[[package]]
name = "arachne-seam"
version = "0.1.0"

[[package]]
name = "arachne-sim"
version = "0.1.0"
dependencies = [
 "arachne",
 "arachne-seam",
 "arachne-testsupport",
]

[[package]]
name = "arachne-testsupport"
version = "0.1.0"
dependencies = [
 "arachne-seam",
]

[[package]]
name = "arachne-transport-tonic"
version = "0.1.0"
dependencies = [
 "arachne-seam",
]
